// !$*UTF8*$!
{
	archiveVersion = 1;
	classes = {
	};
	objectVersion = 46;
	objects = {

/* Begin PBXBuildFile section */
		505477521C5F04C9006EE94F /* ZHJBankNumberTextField.m in Sources */ = {isa = PBXBuildFile; fileRef = 5054774D1C5F04C9006EE94F /* ZHJBankNumberTextField.m */; };
		505477531C5F04C9006EE94F /* ZHJNumberField.m in Sources */ = {isa = PBXBuildFile; fileRef = 5054774F1C5F04C9006EE94F /* ZHJNumberField.m */; };
		505477541C5F04C9006EE94F /* ZHJNumberView.m in Sources */ = {isa = PBXBuildFile; fileRef = 505477511C5F04C9006EE94F /* ZHJNumberView.m */; };
		50B4275A1B687F260005D54B /* main.m in Sources */ = {isa = PBXBuildFile; fileRef = 50B427591B687F260005D54B /* main.m */; };
		50B4275D1B687F260005D54B /* AppDelegate.m in Sources */ = {isa = PBXBuildFile; fileRef = 50B4275C1B687F260005D54B /* AppDelegate.m */; };
		50B427601B687F260005D54B /* ViewController.m in Sources */ = {isa = PBXBuildFile; fileRef = 50B4275F1B687F260005D54B /* ViewController.m */; };
		50B427631B687F260005D54B /* Main.storyboard in Resources */ = {isa = PBXBuildFile; fileRef = 50B427611B687F260005D54B /* Main.storyboard */; };
		50B427651B687F260005D54B /* Images.xcassets in Resources */ = {isa = PBXBuildFile; fileRef = 50B427641B687F260005D54B /* Images.xcassets */; };
		50B427681B687F260005D54B /* LaunchScreen.xib in Resources */ = {isa = PBXBuildFile; fileRef = 50B427661B687F260005D54B /* LaunchScreen.xib */; };
		50B427741B687F260005D54B /* ZHJBankNumberTextFiledTests.m in Sources */ = {isa = PBXBuildFile; fileRef = 50B427731B687F260005D54B /* ZHJBankNumberTextFiledTests.m */; };
/* End PBXBuildFile section */

/* Begin PBXContainerItemProxy section */
		50B4276E1B687F260005D54B /* PBXContainerItemProxy */ = {
			isa = PBXContainerItemProxy;
			containerPortal = 50B4274C1B687F260005D54B /* Project object */;
			proxyType = 1;
			remoteGlobalIDString = 50B427531B687F260005D54B;
			remoteInfo = ZHJBankNumberTextFiled;
		};
/* End PBXContainerItemProxy section */

/* Begin PBXFileReference section */
		5054774C1C5F04C9006EE94F /* ZHJBankNumberTextField.h */ = {isa = PBXFileReference; fileEncoding = 4; lastKnownFileType = sourcecode.c.h; name = ZHJBankNumberTextField.h; path = ZHJBankNumberTextFiled/src/ZHJBankNumberTextField.h; sourceTree = SOURCE_ROOT; };
		5054774D1C5F04C9006EE94F /* ZHJBankNumberTextField.m */ = {isa = PBXFileReference; fileEncoding = 4; lastKnownFileType = sourcecode.c.objc; name = ZHJBankNumberTextField.m; path = ZHJBankNumberTextFiled/src/ZHJBankNumberTextField.m; sourceTree = SOURCE_ROOT; };
		5054774E1C5F04C9006EE94F /* ZHJNumberField.h */ = {isa = PBXFileReference; fileEncoding = 4; lastKnownFileType = sourcecode.c.h; name = ZHJNumberField.h; path = ZHJBankNumberTextFiled/src/ZHJNumberField.h; sourceTree = SOURCE_ROOT; };
		5054774F1C5F04C9006EE94F /* ZHJNumberField.m */ = {isa = PBXFileReference; fileEncoding = 4; lastKnownFileType = sourcecode.c.objc; name = ZHJNumberField.m; path = ZHJBankNumberTextFiled/src/ZHJNumberField.m; sourceTree = SOURCE_ROOT; };
		505477501C5F04C9006EE94F /* ZHJNumberView.h */ = {isa = PBXFileReference; fileEncoding = 4; lastKnownFileType = sourcecode.c.h; name = ZHJNumberView.h; path = ZHJBankNumberTextFiled/src/ZHJNumberView.h; sourceTree = SOURCE_ROOT; };
		505477511C5F04C9006EE94F /* ZHJNumberView.m */ = {isa = PBXFileReference; fileEncoding = 4; lastKnownFileType = sourcecode.c.objc; name = ZHJNumberView.m; path = ZHJBankNumberTextFiled/src/ZHJNumberView.m; sourceTree = SOURCE_ROOT; };
		50B427541B687F260005D54B /* ZHJBankNumberTextField.app */ = {isa = PBXFileReference; explicitFileType = wrapper.application; includeInIndex = 0; path = ZHJBankNumberTextField.app; sourceTree = BUILT_PRODUCTS_DIR; };
		50B427581B687F260005D54B /* Info.plist */ = {isa = PBXFileReference; lastKnownFileType = text.plist.xml; path = Info.plist; sourceTree = "<group>"; };
		50B427591B687F260005D54B /* main.m */ = {isa = PBXFileReference; lastKnownFileType = sourcecode.c.objc; path = main.m; sourceTree = "<group>"; };
		50B4275B1B687F260005D54B /* AppDelegate.h */ = {isa = PBXFileReference; lastKnownFileType = sourcecode.c.h; path = AppDelegate.h; sourceTree = "<group>"; };
		50B4275C1B687F260005D54B /* AppDelegate.m */ = {isa = PBXFileReference; lastKnownFileType = sourcecode.c.objc; path = AppDelegate.m; sourceTree = "<group>"; };
		50B4275E1B687F260005D54B /* ViewController.h */ = {isa = PBXFileReference; lastKnownFileType = sourcecode.c.h; path = ViewController.h; sourceTree = "<group>"; };
		50B4275F1B687F260005D54B /* ViewController.m */ = {isa = PBXFileReference; lastKnownFileType = sourcecode.c.objc; path = ViewController.m; sourceTree = "<group>"; };
		50B427621B687F260005D54B /* Base */ = {isa = PBXFileReference; lastKnownFileType = file.storyboard; name = Base; path = Base.lproj/Main.storyboard; sourceTree = "<group>"; };
		50B427641B687F260005D54B /* Images.xcassets */ = {isa = PBXFileReference; lastKnownFileType = folder.assetcatalog; path = Images.xcassets; sourceTree = "<group>"; };
		50B427671B687F260005D54B /* Base */ = {isa = PBXFileReference; lastKnownFileType = file.xib; name = Base; path = Base.lproj/LaunchScreen.xib; sourceTree = "<group>"; };
		50B4276D1B687F260005D54B /* ZHJBankNumberTextField.xctest */ = {isa = PBXFileReference; explicitFileType = wrapper.cfbundle; includeInIndex = 0; path = ZHJBankNumberTextField.xctest; sourceTree = BUILT_PRODUCTS_DIR; };
		50B427721B687F260005D54B /* Info.plist */ = {isa = PBXFileReference; lastKnownFileType = text.plist.xml; path = Info.plist; sourceTree = "<group>"; };
		50B427731B687F260005D54B /* ZHJBankNumberTextFiledTests.m */ = {isa = PBXFileReference; lastKnownFileType = sourcecode.c.objc; path = ZHJBankNumberTextFiledTests.m; sourceTree = "<group>"; };
/* End PBXFileReference section */

/* Begin PBXFrameworksBuildPhase section */
		50B427511B687F260005D54B /* Frameworks */ = {
			isa = PBXFrameworksBuildPhase;
			buildActionMask = 2147483647;
			files = (
			);
			runOnlyForDeploymentPostprocessing = 0;
		};
		50B4276A1B687F260005D54B /* Frameworks */ = {
			isa = PBXFrameworksBuildPhase;
			buildActionMask = 2147483647;
			files = (
			);
			runOnlyForDeploymentPostprocessing = 0;
		};
/* End PBXFrameworksBuildPhase section */

/* Begin PBXGroup section */
		50185A261C1978110016D283 /* src */ = {
			isa = PBXGroup;
			children = (
				5054774C1C5F04C9006EE94F /* ZHJBankNumberTextField.h */,
				5054774D1C5F04C9006EE94F /* ZHJBankNumberTextField.m */,
				5054774E1C5F04C9006EE94F /* ZHJNumberField.h */,
				5054774F1C5F04C9006EE94F /* ZHJNumberField.m */,
				505477501C5F04C9006EE94F /* ZHJNumberView.h */,
				505477511C5F04C9006EE94F /* ZHJNumberView.m */,
			);
			name = src;
			path = ../../../../baidu/OSC/ZHJBankNumberTextField/ZHJBankNumberTextFiled/src;
			sourceTree = "<group>";
		};
		50B4274B1B687F260005D54B = {
			isa = PBXGroup;
			children = (
				50B427561B687F260005D54B /* ZHJBankNumberTextFiled */,
				50B427701B687F260005D54B /* ZHJBankNumberTextFiledTests */,
				50B427551B687F260005D54B /* Products */,
			);
			sourceTree = "<group>";
		};
		50B427551B687F260005D54B /* Products */ = {
			isa = PBXGroup;
			children = (
				50B427541B687F260005D54B /* ZHJBankNumberTextField.app */,
				50B4276D1B687F260005D54B /* ZHJBankNumberTextField.xctest */,
			);
			name = Products;
			sourceTree = "<group>";
		};
		50B427561B687F260005D54B /* ZHJBankNumberTextFiled */ = {
			isa = PBXGroup;
			children = (
				50185A261C1978110016D283 /* src */,
				50B4275B1B687F260005D54B /* AppDelegate.h */,
				50B4275C1B687F260005D54B /* AppDelegate.m */,
				50B4275E1B687F260005D54B /* ViewController.h */,
				50B4275F1B687F260005D54B /* ViewController.m */,
				50B427611B687F260005D54B /* Main.storyboard */,
				50B427641B687F260005D54B /* Images.xcassets */,
				50B427661B687F260005D54B /* LaunchScreen.xib */,
				50B427571B687F260005D54B /* Supporting Files */,
			);
			path = ZHJBankNumberTextFiled;
			sourceTree = "<group>";
		};
		50B427571B687F260005D54B /* Supporting Files */ = {
			isa = PBXGroup;
			children = (
				50B427581B687F260005D54B /* Info.plist */,
				50B427591B687F260005D54B /* main.m */,
			);
			name = "Supporting Files";
			sourceTree = "<group>";
		};
		50B427701B687F260005D54B /* ZHJBankNumberTextFiledTests */ = {
			isa = PBXGroup;
			children = (
				50B427731B687F260005D54B /* ZHJBankNumberTextFiledTests.m */,
				50B427711B687F260005D54B /* Supporting Files */,
			);
			path = ZHJBankNumberTextFiledTests;
			sourceTree = "<group>";
		};
		50B427711B687F260005D54B /* Supporting Files */ = {
			isa = PBXGroup;
			children = (
				50B427721B687F260005D54B /* Info.plist */,
			);
			name = "Supporting Files";
			sourceTree = "<group>";
		};
/* End PBXGroup section */

/* Begin PBXNativeTarget section */
		50B427531B687F260005D54B /* ZHJBankNumberTextField */ = {
			isa = PBXNativeTarget;
			buildConfigurationList = 50B427771B687F260005D54B /* Build configuration list for PBXNativeTarget "ZHJBankNumberTextField" */;
			buildPhases = (
				50B427501B687F260005D54B /* Sources */,
				50B427511B687F260005D54B /* Frameworks */,
				50B427521B687F260005D54B /* Resources */,
			);
			buildRules = (
			);
			dependencies = (
			);
			name = ZHJBankNumberTextField;
			productName = ZHJBankNumberTextFiled;
			productReference = 50B427541B687F260005D54B /* ZHJBankNumberTextField.app */;
			productType = "com.apple.product-type.application";
		};
		50B4276C1B687F260005D54B /* ZHJBankNumberTextFieldTests */ = {
			isa = PBXNativeTarget;
			buildConfigurationList = 50B4277A1B687F260005D54B /* Build configuration list for PBXNativeTarget "ZHJBankNumberTextFieldTests" */;
			buildPhases = (
				50B427691B687F260005D54B /* Sources */,
				50B4276A1B687F260005D54B /* Frameworks */,
				50B4276B1B687F260005D54B /* Resources */,
			);
			buildRules = (
			);
			dependencies = (
				50B4276F1B687F260005D54B /* PBXTargetDependency */,
			);
			name = ZHJBankNumberTextFieldTests;
			productName = ZHJBankNumberTextFiledTests;
			productReference = 50B4276D1B687F260005D54B /* ZHJBankNumberTextField.xctest */;
			productType = "com.apple.product-type.bundle.unit-test";
		};
/* End PBXNativeTarget section */

/* Begin PBXProject section */
		50B4274C1B687F260005D54B /* Project object */ = {
			isa = PBXProject;
			attributes = {
				LastUpgradeCheck = 0640;
				ORGANIZATIONNAME = Sword;
				TargetAttributes = {
					50B427531B687F260005D54B = {
						CreatedOnToolsVersion = 6.4;
					};
					50B4276C1B687F260005D54B = {
						CreatedOnToolsVersion = 6.4;
						TestTargetID = 50B427531B687F260005D54B;
					};
				};
			};
			buildConfigurationList = 50B4274F1B687F260005D54B /* Build configuration list for PBXProject "ZHJBankNumberTextField" */;
			compatibilityVersion = "Xcode 3.2";
			developmentRegion = English;
			hasScannedForEncodings = 0;
			knownRegions = (
				en,
				Base,
			);
			mainGroup = 50B4274B1B687F260005D54B;
			productRefGroup = 50B427551B687F260005D54B /* Products */;
			projectDirPath = "";
			projectRoot = "";
			targets = (
				50B427531B687F260005D54B /* ZHJBankNumberTextField */,
				50B4276C1B687F260005D54B /* ZHJBankNumberTextFieldTests */,
			);
		};
/* End PBXProject section */

/* Begin PBXResourcesBuildPhase section */
		50B427521B687F260005D54B /* Resources */ = {
			isa = PBXResourcesBuildPhase;
			buildActionMask = 2147483647;
			files = (
				50B427631B687F260005D54B /* Main.storyboard in Resources */,
				50B427681B687F260005D54B /* LaunchScreen.xib in Resources */,
				50B427651B687F260005D54B /* Images.xcassets in Resources */,
			);
			runOnlyForDeploymentPostprocessing = 0;
		};
		50B4276B1B687F260005D54B /* Resources */ = {
			isa = PBXResourcesBuildPhase;
			buildActionMask = 2147483647;
			files = (
			);
			runOnlyForDeploymentPostprocessing = 0;
		};
/* End PBXResourcesBuildPhase section */

/* Begin PBXSourcesBuildPhase section */
		50B427501B687F260005D54B /* Sources */ = {
			isa = PBXSourcesBuildPhase;
			buildActionMask = 2147483647;
			files = (
				50B427601B687F260005D54B /* ViewController.m in Sources */,
				505477521C5F04C9006EE94F /* ZHJBankNumberTextField.m in Sources */,
				505477541C5F04C9006EE94F /* ZHJNumberView.m in Sources */,
				50B4275D1B687F260005D54B /* AppDelegate.m in Sources */,
				50B4275A1B687F260005D54B /* main.m in Sources */,
				505477531C5F04C9006EE94F /* ZHJNumberField.m in Sources */,
			);
			runOnlyForDeploymentPostprocessing = 0;
		};
		50B427691B687F260005D54B /* Sources */ = {
			isa = PBXSourcesBuildPhase;
			buildActionMask = 2147483647;
			files = (
				50B427741B687F260005D54B /* ZHJBankNumberTextFiledTests.m in Sources */,
			);
			runOnlyForDeploymentPostprocessing = 0;
		};
/* End PBXSourcesBuildPhase section */

/* Begin PBXTargetDependency section */
		50B4276F1B687F260005D54B /* PBXTargetDependency */ = {
			isa = PBXTargetDependency;
			target = 50B427531B687F260005D54B /* ZHJBankNumberTextField */;
			targetProxy = 50B4276E1B687F260005D54B /* PBXContainerItemProxy */;
		};
/* End PBXTargetDependency section */

/* Begin PBXVariantGroup section */
		50B427611B687F260005D54B /* Main.storyboard */ = {
			isa = PBXVariantGroup;
			children = (
				50B427621B687F260005D54B /* Base */,
			);
			name = Main.storyboard;
			sourceTree = "<group>";
		};
		50B427661B687F260005D54B /* LaunchScreen.xib */ = {
			isa = PBXVariantGroup;
			children = (
				50B427671B687F260005D54B /* Base */,
			);
			name = LaunchScreen.xib;
			sourceTree = "<group>";
		};
/* End PBXVariantGroup section */

/* Begin XCBuildConfiguration section */
		50B427751B687F260005D54B /* Debug */ = {
			isa = XCBuildConfiguration;
			buildSettings = {
				ALWAYS_SEARCH_USER_PATHS = NO;
				CLANG_CXX_LANGUAGE_STANDARD = "gnu++0x";
				CLANG_CXX_LIBRARY = "libc++";
				CLANG_ENABLE_MODULES = YES;
				CLANG_ENABLE_OBJC_ARC = YES;
				CLANG_WARN_BOOL_CONVERSION = YES;
				CLANG_WARN_CONSTANT_CONVERSION = YES;
				CLANG_WARN_DIRECT_OBJC_ISA_USAGE = YES_ERROR;
				CLANG_WARN_EMPTY_BODY = YES;
				CLANG_WARN_ENUM_CONVERSION = YES;
				CLANG_WARN_INT_CONVERSION = YES;
				CLANG_WARN_OBJC_ROOT_CLASS = YES_ERROR;
				CLANG_WARN_UNREACHABLE_CODE = YES;
				CLANG_WARN__DUPLICATE_METHOD_MATCH = YES;
				"CODE_SIGN_IDENTITY[sdk=iphoneos*]" = "iPhone Developer";
				COPY_PHASE_STRIP = NO;
				DEBUG_INFORMATION_FORMAT = "dwarf-with-dsym";
				ENABLE_STRICT_OBJC_MSGSEND = YES;
				GCC_C_LANGUAGE_STANDARD = gnu99;
				GCC_DYNAMIC_NO_PIC = NO;
				GCC_NO_COMMON_BLOCKS = YES;
				GCC_OPTIMIZATION_LEVEL = 0;
				GCC_PREPROCESSOR_DEFINITIONS = (
					"DEBUG=1",
					"$(inherited)",
				);
				GCC_SYMBOLS_PRIVATE_EXTERN = NO;
				GCC_WARN_64_TO_32_BIT_CONVERSION = YES;
				GCC_WARN_ABOUT_RETURN_TYPE = YES_ERROR;
				GCC_WARN_UNDECLARED_SELECTOR = YES;
				GCC_WARN_UNINITIALIZED_AUTOS = YES_AGGRESSIVE;
				GCC_WARN_UNUSED_FUNCTION = YES;
				GCC_WARN_UNUSED_VARIABLE = YES;
				IPHONEOS_DEPLOYMENT_TARGET = 8.4;
				MTL_ENABLE_DEBUG_INFO = YES;
				ONLY_ACTIVE_ARCH = YES;
				SDKROOT = iphoneos;
			};
			name = Debug;
		};
		50B427761B687F260005D54B /* Release */ = {
			isa = XCBuildConfiguration;
			buildSettings = {
				ALWAYS_SEARCH_USER_PATHS = NO;
				CLANG_CXX_LANGUAGE_STANDARD = "gnu++0x";
				CLANG_CXX_LIBRARY = "libc++";
				CLANG_ENABLE_MODULES = YES;
				CLANG_ENABLE_OBJC_ARC = YES;
				CLANG_WARN_BOOL_CONVERSION = YES;
				CLANG_WARN_CONSTANT_CONVERSION = YES;
				CLANG_WARN_DIRECT_OBJC_ISA_USAGE = YES_ERROR;
				CLANG_WARN_EMPTY_BODY = YES;
				CLANG_WARN_ENUM_CONVERSION = YES;
				CLANG_WARN_INT_CONVERSION = YES;
				CLANG_WARN_OBJC_ROOT_CLASS = YES_ERROR;
				CLANG_WARN_UNREACHABLE_CODE = YES;
				CLANG_WARN__DUPLICATE_METHOD_MATCH = YES;
				"CODE_SIGN_IDENTITY[sdk=iphoneos*]" = "iPhone Developer";
				COPY_PHASE_STRIP = NO;
				DEBUG_INFORMATION_FORMAT = "dwarf-with-dsym";
				ENABLE_NS_ASSERTIONS = NO;
				ENABLE_STRICT_OBJC_MSGSEND = YES;
				GCC_C_LANGUAGE_STANDARD = gnu99;
				GCC_NO_COMMON_BLOCKS = YES;
				GCC_WARN_64_TO_32_BIT_CONVERSION = YES;
				GCC_WARN_ABOUT_RETURN_TYPE = YES_ERROR;
				GCC_WARN_UNDECLARED_SELECTOR = YES;
				GCC_WARN_UNINITIALIZED_AUTOS = YES_AGGRESSIVE;
				GCC_WARN_UNUSED_FUNCTION = YES;
				GCC_WARN_UNUSED_VARIABLE = YES;
				IPHONEOS_DEPLOYMENT_TARGET = 8.4;
				MTL_ENABLE_DEBUG_INFO = NO;
				SDKROOT = iphoneos;
				VALIDATE_PRODUCT = YES;
			};
			name = Release;
		};
		50B427781B687F260005D54B /* Debug */ = {
			isa = XCBuildConfiguration;
			buildSettings = {
				ASSETCATALOG_COMPILER_APPICON_NAME = AppIcon;
				INFOPLIST_FILE = ZHJBankNumberTextFiled/Info.plist;
				IPHONEOS_DEPLOYMENT_TARGET = 7.1;
				LD_RUNPATH_SEARCH_PATHS = "$(inherited) @executable_path/Frameworks";
				PRODUCT_NAME = ZHJBankNumberTextField;
			};
			name = Debug;
		};
		50B427791B687F260005D54B /* Release */ = {
			isa = XCBuildConfiguration;
			buildSettings = {
				ASSETCATALOG_COMPILER_APPICON_NAME = AppIcon;
				INFOPLIST_FILE = ZHJBankNumberTextFiled/Info.plist;
				IPHONEOS_DEPLOYMENT_TARGET = 7.1;
				LD_RUNPATH_SEARCH_PATHS = "$(inherited) @executable_path/Frameworks";
				PRODUCT_NAME = ZHJBankNumberTextField;
			};
			name = Release;
		};
		50B4277B1B687F260005D54B /* Debug */ = {
			isa = XCBuildConfiguration;
			buildSettings = {
				BUNDLE_LOADER = "$(TEST_HOST)";
				FRAMEWORK_SEARCH_PATHS = (
					"$(SDKROOT)/Developer/Library/Frameworks",
					"$(inherited)",
				);
				GCC_PREPROCESSOR_DEFINITIONS = (
					"DEBUG=1",
					"$(inherited)",
				);
				INFOPLIST_FILE = ZHJBankNumberTextFiledTests/Info.plist;
				LD_RUNPATH_SEARCH_PATHS = "$(inherited) @executable_path/Frameworks @loader_path/Frameworks";
				PRODUCT_NAME = ZHJBankNumberTextField;
				TEST_HOST = "$(BUILT_PRODUCTS_DIR)/ZHJBankNumberTextField.app/ZHJBankNumberTextField";
			};
			name = Debug;
		};
		50B4277C1B687F260005D54B /* Release */ = {
			isa = XCBuildConfiguration;
			buildSettings = {
				BUNDLE_LOADER = "$(TEST_HOST)";
				FRAMEWORK_SEARCH_PATHS = (
					"$(SDKROOT)/Developer/Library/Frameworks",
					"$(inherited)",
				);
				INFOPLIST_FILE = ZHJBankNumberTextFiledTests/Info.plist;
				LD_RUNPATH_SEARCH_PATHS = "$(inherited) @executable_path/Frameworks @loader_path/Frameworks";
				PRODUCT_NAME = ZHJBankNumberTextField;
				TEST_HOST = "$(BUILT_PRODUCTS_DIR)/ZHJBankNumberTextField.app/ZHJBankNumberTextField";
			};
			name = Release;
		};
/* End XCBuildConfiguration section */

/* Begin XCConfigurationList section */
		50B4274F1B687F260005D54B /* Build configuration list for PBXProject "ZHJBankNumberTextField" */ = {
			isa = XCConfigurationList;
			buildConfigurations = (
				50B427751B687F260005D54B /* Debug */,
				50B427761B687F260005D54B /* Release */,
			);
			defaultConfigurationIsVisible = 0;
			defaultConfigurationName = Release;
		};
		50B427771B687F260005D54B /* Build configuration list for PBXNativeTarget "ZHJBankNumberTextField" */ = {
			isa = XCConfigurationList;
			buildConfigurations = (
				50B427781B687F260005D54B /* Debug */,
				50B427791B687F260005D54B /* Release */,
			);
			defaultConfigurationIsVisible = 0;
			defaultConfigurationName = Release;
		};
		50B4277A1B687F260005D54B /* Build configuration list for PBXNativeTarget "ZHJBankNumberTextFieldTests" */ = {
			isa = XCConfigurationList;
			buildConfigurations = (
				50B4277B1B687F260005D54B /* Debug */,
				50B4277C1B687F260005D54B /* Release */,
			);
			defaultConfigurationIsVisible = 0;
			defaultConfigurationName = Release;
		};
/* End XCConfigurationList section */
	};
	rootObject = 50B4274C1B687F260005D54B /* Project object */;
}
